
Microsoft Visual Studio Solution File, Format Version 12.00
# Visual Studio Version 17
VisualStudioVersion = 17.7.34031.279
MinimumVisualStudioVersion = 10.0.40219.1
Project("{FAE04EC0-301F-11D3-BF4B-00C04F79EFBC}") = "BasicWeatherApp", "BasicWeatherApp\BasicWeatherApp.csproj", "{DEF608D8-D05F-452E-82C8-A428A61B0309}"
EndProject
Global
	GlobalSection(SolutionConfigurationPlatforms) = preSolution
		Debug|Any CPU = Debug|Any CPU
		Release|Any CPU = Release|Any CPU
	EndGlobalSection
	GlobalSection(ProjectConfigurationPlatforms) = postSolution
		{DEF608D8-D05F-452E-82C8-A428A61B0309}.Debug|Any CPU.ActiveCfg = Debug|Any CPU
		{DEF608D8-D05F-452E-82C8-A428A61B0309}.Debug|Any CPU.Build.0 = Debug|Any CPU
		{DEF608D8-D05F-452E-82C8-A428A61B0309}.Debug|Any CPU.Deploy.0 = Debug|Any CPU
		{DEF608D8-D05F-452E-82C8-A428A61B0309}.Release|Any CPU.ActiveCfg = Release|Any CPU
		{DEF608D8-D05F-452E-82C8-A428A61B0309}.Release|Any CPU.Build.0 = Release|Any CPU
		{DEF608D8-D05F-452E-82C8-A428A61B0309}.Release|Any CPU.Deploy.0 = Release|Any CPU
	EndGlobalSection
	GlobalSection(SolutionProperties) = preSolution
		HideSolutionNode = FALSE
	EndGlobalSection
	GlobalSection(ExtensibilityGlobals) = postSolution
		SolutionGuid = {EFB31B11-7CF4-4E49-A641-2141F87CB0D3}
	EndGlobalSection
EndGlobal
